// !$*UTF8*$!
{
	archiveVersion = 1;
	classes = {
	};
	objectVersion = 50;
	objects = {

/* Begin PBXBuildFile section */
		65FE842C22A9026500C45029 /* AppDelegate.swift in Sources */ = {isa = PBXBuildFile; fileRef = 65FE842B22A9026500C45029 /* AppDelegate.swift */; };
		65FE842E22A9026500C45029 /* ViewController.swift in Sources */ = {isa = PBXBuildFile; fileRef = 65FE842D22A9026500C45029 /* ViewController.swift */; };
		65FE843122A9026500C45029 /* Main.storyboard in Resources */ = {isa = PBXBuildFile; fileRef = 65FE842F22A9026500C45029 /* Main.storyboard */; };
		65FE843322A9026700C45029 /* Assets.xcassets in Resources */ = {isa = PBXBuildFile; fileRef = 65FE843222A9026700C45029 /* Assets.xcassets */; };
		65FE843622A9026700C45029 /* LaunchScreen.storyboard in Resources */ = {isa = PBXBuildFile; fileRef = 65FE843422A9026700C45029 /* LaunchScreen.storyboard */; };
		65FE844622A9837700C45029 /* ChildVC.swift in Sources */ = {isa = PBXBuildFile; fileRef = 65FE844522A9837700C45029 /* ChildVC.swift */; };
		65FE844D22A993C500C45029 /* Cell.swift in Sources */ = {isa = PBXBuildFile; fileRef = 65FE844B22A993C500C45029 /* Cell.swift */; };
		65FE844E22A993C500C45029 /* Cell.xib in Resources */ = {isa = PBXBuildFile; fileRef = 65FE844C22A993C500C45029 /* Cell.xib */; };
/* End PBXBuildFile section */

/* Begin PBXFileReference section */
		65FE842822A9026500C45029 /* ineritTBV.app */ = {isa = PBXFileReference; explicitFileType = wrapper.application; includeInIndex = 0; path = ineritTBV.app; sourceTree = BUILT_PRODUCTS_DIR; };
		65FE842B22A9026500C45029 /* AppDelegate.swift */ = {isa = PBXFileReference; lastKnownFileType = sourcecode.swift; path = AppDelegate.swift; sourceTree = "<group>"; };
		65FE842D22A9026500C45029 /* ViewController.swift */ = {isa = PBXFileReference; lastKnownFileType = sourcecode.swift; path = ViewController.swift; sourceTree = "<group>"; };
		65FE843022A9026500C45029 /* Base */ = {isa = PBXFileReference; lastKnownFileType = file.storyboard; name = Base; path = Base.lproj/Main.storyboard; sourceTree = "<group>"; };
		65FE843222A9026700C45029 /* Assets.xcassets */ = {isa = PBXFileReference; lastKnownFileType = folder.assetcatalog; path = Assets.xcassets; sourceTree = "<group>"; };
		65FE843522A9026700C45029 /* Base */ = {isa = PBXFileReference; lastKnownFileType = file.storyboard; name = Base; path = Base.lproj/LaunchScreen.storyboard; sourceTree = "<group>"; };
		65FE843722A9026700C45029 /* Info.plist */ = {isa = PBXFileReference; lastKnownFileType = text.plist.xml; path = Info.plist; sourceTree = "<group>"; };
		65FE844522A9837700C45029 /* ChildVC.swift */ = {isa = PBXFileReference; lastKnownFileType = sourcecode.swift; path = ChildVC.swift; sourceTree = "<group>"; };
		65FE844B22A993C500C45029 /* Cell.swift */ = {isa = PBXFileReference; lastKnownFileType = sourcecode.swift; path = Cell.swift; sourceTree = "<group>"; };
		65FE844C22A993C500C45029 /* Cell.xib */ = {isa = PBXFileReference; lastKnownFileType = file.xib; path = Cell.xib; sourceTree = "<group>"; };
/* End PBXFileReference section */

/* Begin PBXFrameworksBuildPhase section */
		65FE842522A9026500C45029 /* Frameworks */ = {
			isa = PBXFrameworksBuildPhase;
			buildActionMask = 2147483647;
			files = (
			);
			runOnlyForDeploymentPostprocessing = 0;
		};
/* End PBXFrameworksBuildPhase section */

/* Begin PBXGroup section */
		65FE841F22A9026500C45029 = {
			isa = PBXGroup;
			children = (
				65FE842A22A9026500C45029 /* ineritTBV */,
				65FE842922A9026500C45029 /* Products */,
			);
			sourceTree = "<group>";
		};
		65FE842922A9026500C45029 /* Products */ = {
			isa = PBXGroup;
			children = (
				65FE842822A9026500C45029 /* ineritTBV.app */,
			);
			name = Products;
			sourceTree = "<group>";
		};
		65FE842A22A9026500C45029 /* ineritTBV */ = {
			isa = PBXGroup;
			children = (
				65FE842B22A9026500C45029 /* AppDelegate.swift */,
				65FE842D22A9026500C45029 /* ViewController.swift */,
				65FE842F22A9026500C45029 /* Main.storyboard */,
				65FE843222A9026700C45029 /* Assets.xcassets */,
				65FE843422A9026700C45029 /* LaunchScreen.storyboard */,
				65FE843722A9026700C45029 /* Info.plist */,
				65FE844522A9837700C45029 /* ChildVC.swift */,
				65FE844B22A993C500C45029 /* Cell.swift */,
				65FE844C22A993C500C45029 /* Cell.xib */,
			);
			path = ineritTBV;
			sourceTree = "<group>";
		};
/* End PBXGroup section */

/* Begin PBXNativeTarget section */
		65FE842722A9026500C45029 /* ineritTBV */ = {
			isa = PBXNativeTarget;
			buildConfigurationList = 65FE843A22A9026700C45029 /* Build configuration list for PBXNativeTarget "ineritTBV" */;
			buildPhases = (
				65FE842422A9026500C45029 /* Sources */,
				65FE842522A9026500C45029 /* Frameworks */,
				65FE842622A9026500C45029 /* Resources */,
			);
			buildRules = (
			);
			dependencies = (
			);
			name = ineritTBV;
			productName = ineritTBV;
			productReference = 65FE842822A9026500C45029 /* ineritTBV.app */;
			productType = "com.apple.product-type.application";
		};
/* End PBXNativeTarget section */

/* Begin PBXProject section */
		65FE842022A9026500C45029 /* Project object */ = {
			isa = PBXProject;
			attributes = {
				LastSwiftUpdateCheck = 1020;
				LastUpgradeCheck = 1020;
				ORGANIZATIONNAME = guide;
				TargetAttributes = {
					65FE842722A9026500C45029 = {
						CreatedOnToolsVersion = 10.2.1;
					};
				};
			};
			buildConfigurationList = 65FE842322A9026500C45029 /* Build configuration list for PBXProject "ineritTBV" */;
			compatibilityVersion = "Xcode 9.3";
			developmentRegion = en;
			hasScannedForEncodings = 0;
			knownRegions = (
				en,
				Base,
			);
			mainGroup = 65FE841F22A9026500C45029;
			productRefGroup = 65FE842922A9026500C45029 /* Products */;
			projectDirPath = "";
			projectRoot = "";
			targets = (
				65FE842722A9026500C45029 /* ineritTBV */,
			);
		};
/* End PBXProject section */

/* Begin PBXResourcesBuildPhase section */
		65FE842622A9026500C45029 /* Resources */ = {
			isa = PBXResourcesBuildPhase;
			buildActionMask = 2147483647;
			files = (
				65FE843622A9026700C45029 /* LaunchScreen.storyboard in Resources */,
				65FE844E22A993C500C45029 /* Cell.xib in Resources */,
				65FE843322A9026700C45029 /* Assets.xcassets in Resources */,
				65FE843122A9026500C45029 /* Main.storyboard in Resources */,
			);
			runOnlyForDeploymentPostprocessing = 0;
		};
/* End PBXResourcesBuildPhase section */

/* Begin PBXSourcesBuildPhase section */
		65FE842422A9026500C45029 /* Sources */ = {
			isa = PBXSourcesBuildPhase;
			buildActionMask = 2147483647;
			files = (
				65FE842E22A9026500C45029 /* ViewController.swift in Sources */,
				65FE844D22A993C500C45029 /* Cell.swift in Sources */,
				65FE844622A9837700C45029 /* ChildVC.swift in Sources */,
				65FE842C22A9026500C45029 /* AppDelegate.swift in Sources */,
			);
			runOnlyForDeploymentPostprocessing = 0;
		};
/* End PBXSourcesBuildPhase section */

/* Begin PBXVariantGroup section */
		65FE842F22A9026500C45029 /* Main.storyboard */ = {
			isa = PBXVariantGroup;
			children = (
				65FE843022A9026500C45029 /* Base */,
			);
			name = Main.storyboard;
			sourceTree = "<group>";
		};
		65FE843422A9026700C45029 /* LaunchScreen.storyboard */ = {
			isa = PBXVariantGroup;
			children = (
				65FE843522A9026700C45029 /* Base */,
			);
			name = LaunchScreen.storyboard;
			sourceTree = "<group>";
		};
/* End PBXVariantGroup section */

/* Begin XCBuildConfiguration section */
		65FE843822A9026700C45029 /* Debug */ = {
			isa = XCBuildConfiguration;
			buildSettings = {
				ALWAYS_SEARCH_USER_PATHS = NO;
				CLANG_ANALYZER_NONNULL = YES;
				CLANG_ANALYZER_NUMBER_OBJECT_CONVERSION = YES_AGGRESSIVE;
				CLANG_CXX_LANGUAGE_STANDARD = "gnu++14";
				CLANG_CXX_LIBRARY = "libc++";
				CLANG_ENABLE_MODULES = YES;
				CLANG_ENABLE_OBJC_ARC = YES;
				CLANG_ENABLE_OBJC_WEAK = YES;
				CLANG_WARN_BLOCK_CAPTURE_AUTORELEASING = YES;
				CLANG_WARN_BOOL_CONVERSION = YES;
				CLANG_WARN_COMMA = YES;
				CLANG_WARN_CONSTANT_CONVERSION = YES;
				CLANG_WARN_DEPRECATED_OBJC_IMPLEMENTATIONS = YES;
				CLANG_WARN_DIRECT_OBJC_ISA_USAGE = YES_ERROR;
				CLANG_WARN_DOCUMENTATION_COMMENTS = YES;
				CLANG_WARN_EMPTY_BODY = YES;
				CLANG_WARN_ENUM_CONVERSION = YES;
				CLANG_WARN_INFINITE_RECURSION = YES;
				CLANG_WARN_INT_CONVERSION = YES;
				CLANG_WARN_NON_LITERAL_NULL_CONVERSION = YES;
				CLANG_WARN_OBJC_IMPLICIT_RETAIN_SELF = YES;
				CLANG_WARN_OBJC_LITERAL_CONVERSION = YES;
				CLANG_WARN_OBJC_ROOT_CLASS = YES_ERROR;
				CLANG_WARN_RANGE_LOOP_ANALYSIS = YES;
				CLANG_WARN_STRICT_PROTOTYPES = YES;
				CLANG_WARN_SUSPICIOUS_MOVE = YES;
				CLANG_WARN_UNGUARDED_AVAILABILITY = YES_AGGRESSIVE;
				CLANG_WARN_UNREACHABLE_CODE = YES;
				CLANG_WARN__DUPLICATE_METHOD_MATCH = YES;
				CODE_SIGN_IDENTITY = "iPhone Developer";
				COPY_PHASE_STRIP = NO;
				DEBUG_INFORMATION_FORMAT = dwarf;
				ENABLE_STRICT_OBJC_MSGSEND = YES;
				ENABLE_TESTABILITY = YES;
				GCC_C_LANGUAGE_STANDARD = gnu11;
				GCC_DYNAMIC_NO_PIC = NO;
				GCC_NO_COMMON_BLOCKS = YES;
				GCC_OPTIMIZATION_LEVEL = 0;
				GCC_PREPROCESSOR_DEFINITIONS = (
					"DEBUG=1",
					"$(inherited)",
				);
				GCC_WARN_64_TO_32_BIT_CONVERSION = YES;
				GCC_WARN_ABOUT_RETURN_TYPE = YES_ERROR;
				GCC_WARN_UNDECLARED_SELECTOR = YES;
				GCC_WARN_UNINITIALIZED_AUTOS = YES_AGGRESSIVE;
				GCC_WARN_UNUSED_FUNCTION = YES;
				GCC_WARN_UNUSED_VARIABLE = YES;
				IPHONEOS_DEPLOYMENT_TARGET = 12.2;
				MTL_ENABLE_DEBUG_INFO = INCLUDE_SOURCE;
				MTL_FAST_MATH = YES;
				ONLY_ACTIVE_ARCH = YES;
				SDKROOT = iphoneos;
				SWIFT_ACTIVE_COMPILATION_CONDITIONS = DEBUG;
				SWIFT_OPTIMIZATION_LEVEL = "-Onone";
			};
			name = Debug;
		};
		65FE843922A9026700C45029 /* Release */ = {
			isa = XCBuildConfiguration;
			buildSettings = {
				ALWAYS_SEARCH_USER_PATHS = NO;
				CLANG_ANALYZER_NONNULL = YES;
				CLANG_ANALYZER_NUMBER_OBJECT_CONVERSION = YES_AGGRESSIVE;
				CLANG_CXX_LANGUAGE_STANDARD = "gnu++14";
				CLANG_CXX_LIBRARY = "libc++";
				CLANG_ENABLE_MODULES = YES;
				CLANG_ENABLE_OBJC_ARC = YES;
				CLANG_ENABLE_OBJC_WEAK = YES;
				CLANG_WARN_BLOCK_CAPTURE_AUTORELEASING = YES;
				CLANG_WARN_BOOL_CONVERSION = YES;
				CLANG_WARN_COMMA = YES;
				CLANG_WARN_CONSTANT_CONVERSION = YES;
				CLANG_WARN_DEPRECATED_OBJC_IMPLEMENTATIONS = YES;
				CLANG_WARN_DIRECT_OBJC_ISA_USAGE = YES_ERROR;
				CLANG_WARN_DOCUMENTATION_COMMENTS = YES;
				CLANG_WARN_EMPTY_BODY = YES;
				CLANG_WARN_ENUM_CONVERSION = YES;
				CLANG_WARN_INFINITE_RECURSION = YES;
				CLANG_WARN_INT_CONVERSION = YES;
				CLANG_WARN_NON_LITERAL_NULL_CONVERSION = YES;
				CLANG_WARN_OBJC_IMPLICIT_RETAIN_SELF = YES;
				CLANG_WARN_OBJC_LITERAL_CONVERSION = YES;
				CLANG_WARN_OBJC_ROOT_CLASS = YES_ERROR;
				CLANG_WARN_RANGE_LOOP_ANALYSIS = YES;
				CLANG_WARN_STRICT_PROTOTYPES = YES;
				CLANG_WARN_SUSPICIOUS_MOVE = YES;
				CLANG_WARN_UNGUARDED_AVAILABILITY = YES_AGGRESSIVE;
				CLANG_WARN_UNREACHABLE_CODE = YES;
				CLANG_WARN__DUPLICATE_METHOD_MATCH = YES;
				CODE_SIGN_IDENTITY = "iPhone Developer";
				COPY_PHASE_STRIP = NO;
				DEBUG_INFORMATION_FORMAT = "dwarf-with-dsym";
				ENABLE_NS_ASSERTIONS = NO;
				ENABLE_STRICT_OBJC_MSGSEND = YES;
				GCC_C_LANGUAGE_STANDARD = gnu11;
				GCC_NO_COMMON_BLOCKS = YES;
				GCC_WARN_64_TO_32_BIT_CONVERSION = YES;
				GCC_WARN_ABOUT_RETURN_TYPE = YES_ERROR;
				GCC_WARN_UNDECLARED_SELECTOR = YES;
				GCC_WARN_UNINITIALIZED_AUTOS = YES_AGGRESSIVE;
				GCC_WARN_UNUSED_FUNCTION = YES;
				GCC_WARN_UNUSED_VARIABLE = YES;
				IPHONEOS_DEPLOYMENT_TARGET = 12.2;
				MTL_ENABLE_DEBUG_INFO = NO;
				MTL_FAST_MATH = YES;
				SDKROOT = iphoneos;
				SWIFT_COMPILATION_MODE = wholemodule;
				SWIFT_OPTIMIZATION_LEVEL = "-O";
				VALIDATE_PRODUCT = YES;
			};
			name = Release;
		};
		65FE843B22A9026700C45029 /* Debug */ = {
			isa = XCBuildConfiguration;
			buildSettings = {
				ASSETCATALOG_COMPILER_APPICON_NAME = AppIcon;
				CODE_SIGN_STYLE = Automatic;
				INFOPLIST_FILE = ineritTBV/Info.plist;
				LD_RUNPATH_SEARCH_PATHS = (
					"$(inherited)",
					"@executable_path/Frameworks",
				);
				PRODUCT_BUNDLE_IDENTIFIER = com.pongsakorn.ineritTBV;
				PRODUCT_NAME = "$(TARGET_NAME)";
				SWIFT_VERSION = 5.0;
				TARGETED_DEVICE_FAMILY = "1,2";
			};
			name = Debug;
		};
		65FE843C22A9026700C45029 /* Release */ = {
			isa = XCBuildConfiguration;
			buildSettings = {
				ASSETCATALOG_COMPILER_APPICON_NAME = AppIcon;
				CODE_SIGN_STYLE = Automatic;
				INFOPLIST_FILE = ineritTBV/Info.plist;
				LD_RUNPATH_SEARCH_PATHS = (
					"$(inherited)",
					"@executable_path/Frameworks",
				);
				PRODUCT_BUNDLE_IDENTIFIER = com.pongsakorn.ineritTBV;
				PRODUCT_NAME = "$(TARGET_NAME)";
				SWIFT_VERSION = 5.0;
				TARGETED_DEVICE_FAMILY = "1,2";
			};
			name = Release;
		};
/* End XCBuildConfiguration section */

/* Begin XCConfigurationList section */
		65FE842322A9026500C45029 /* Build configuration list for PBXProject "ineritTBV" */ = {
			isa = XCConfigurationList;
			buildConfigurations = (
				65FE843822A9026700C45029 /* Debug */,
				65FE843922A9026700C45029 /* Release */,
			);
			defaultConfigurationIsVisible = 0;
			defaultConfigurationName = Release;
		};
		65FE843A22A9026700C45029 /* Build configuration list for PBXNativeTarget "ineritTBV" */ = {
			isa = XCConfigurationList;
			buildConfigurations = (
				65FE843B22A9026700C45029 /* Debug */,
				65FE843C22A9026700C45029 /* Release */,
			);
			defaultConfigurationIsVisible = 0;
			defaultConfigurationName = Release;
		};
/* End XCConfigurationList section */
	};
	rootObject = 65FE842022A9026500C45029 /* Project object */;
}
